
Microsoft Visual Studio Solution File, Format Version 12.00
Project("{FAE04EC0-301F-11D3-BF4B-00C04F79EFBC}") = "avalonia_bolek-lolek", "avalonia_bolek-lolek\avalonia_bolek-lolek.csproj", "{FCC39FE1-6DBC-44EF-9CBC-829887755772}"
EndProject
Global
	GlobalSection(SolutionConfigurationPlatforms) = preSolution
		Debug|Any CPU = Debug|Any CPU
		Release|Any CPU = Release|Any CPU
	EndGlobalSection
	GlobalSection(ProjectConfigurationPlatforms) = postSolution
		{FCC39FE1-6DBC-44EF-9CBC-829887755772}.Debug|Any CPU.ActiveCfg = Debug|Any CPU
		{FCC39FE1-6DBC-44EF-9CBC-829887755772}.Debug|Any CPU.Build.0 = Debug|Any CPU
		{FCC39FE1-6DBC-44EF-9CBC-829887755772}.Release|Any CPU.ActiveCfg = Release|Any CPU
		{FCC39FE1-6DBC-44EF-9CBC-829887755772}.Release|Any CPU.Build.0 = Release|Any CPU
	EndGlobalSection
EndGlobal
